
Microsoft Visual Studio Solution File, Format Version 12.00
Project("{FAE04EC0-301F-11D3-BF4B-00C04F79EFBC}") = "ClientesPedidosAPI", "ClientesPedidosAPI\ClientesPedidosAPI.csproj", "{AE1CBF24-67C5-4877-BFE7-EA851043BBD5}"
EndProject
Global
	GlobalSection(SolutionConfigurationPlatforms) = preSolution
		Debug|Any CPU = Debug|Any CPU
		Release|Any CPU = Release|Any CPU
	EndGlobalSection
	GlobalSection(ProjectConfigurationPlatforms) = postSolution
		{AE1CBF24-67C5-4877-BFE7-EA851043BBD5}.Debug|Any CPU.ActiveCfg = Debug|Any CPU
		{AE1CBF24-67C5-4877-BFE7-EA851043BBD5}.Debug|Any CPU.Build.0 = Debug|Any CPU
		{AE1CBF24-67C5-4877-BFE7-EA851043BBD5}.Release|Any CPU.ActiveCfg = Release|Any CPU
		{AE1CBF24-67C5-4877-BFE7-EA851043BBD5}.Release|Any CPU.Build.0 = Release|Any CPU
	EndGlobalSection
EndGlobal
